
Microsoft Visual Studio Solution File, Format Version 12.00
# Visual Studio Version 16
VisualStudioVersion = 16.0.31515.178
MinimumVisualStudioVersion = 10.0.40219.1
Project("{2150E333-8FDC-42A3-9474-1A3956D46DE8}") = "Api", "Api", "{57645132-CC16-47D2-8F20-1EDFAABB7DE6}"
EndProject
Project("{2150E333-8FDC-42A3-9474-1A3956D46DE8}") = "Presentation", "Presentation", "{2694F077-54C0-4E0F-A148-86B8D43E0D31}"
EndProject
Project("{2150E333-8FDC-42A3-9474-1A3956D46DE8}") = "Infrastructure.IoC", "Infrastructure.IoC", "{FB0AB652-BB74-4036-9AFB-D00A097F2C74}"
EndProject
Project("{2150E333-8FDC-42A3-9474-1A3956D46DE8}") = "Infrastructure.DataAccess", "Infrastructure.DataAccess", "{52C15553-85FC-41D1-8848-06E6ED7B967C}"
EndProject
Project("{2150E333-8FDC-42A3-9474-1A3956D46DE8}") = "Core", "Core", "{96C5ABF3-658F-4BE4-85F5-3F4218E8DB05}"
EndProject
Project("{2150E333-8FDC-42A3-9474-1A3956D46DE8}") = "Domain", "Domain", "{96CDB9F1-291D-4C52-B050-97D80A2BC11C}"
EndProject
Project("{9A19103F-16F7-4668-BE54-9A1E7A4F7556}") = "POCDemoApp.Core", "POCDemoApp.Core\POCDemoApp.Core.csproj", "{EE4BBF72-3B04-4AA2-B851-964C135233B8}"
EndProject
Project("{9A19103F-16F7-4668-BE54-9A1E7A4F7556}") = "POCDemoApp.Domain", "POCDemoApp.Domain\POCDemoApp.Domain.csproj", "{C52E9575-049C-4201-BECF-E9104343723A}"
EndProject
Project("{9A19103F-16F7-4668-BE54-9A1E7A4F7556}") = "POCDemoApp.Infrastructure.IoC", "POCDemoApp.Infrastructure.IoC\POCDemoApp.Infrastructure.IoC.csproj", "{623B0AE7-E6C1-4505-A753-6E51C099860E}"
EndProject
Project("{9A19103F-16F7-4668-BE54-9A1E7A4F7556}") = "POCDemoApp.Infrastructure.DataAccess", "POCDemoApp.Infrastructure.DataAccess\POCDemoApp.Infrastructure.DataAccess.csproj", "{34523ED0-C851-42A6-9EC7-C4A69AADBEAD}"
EndProject
Project("{9A19103F-16F7-4668-BE54-9A1E7A4F7556}") = "POCDemoApp.API", "POCDemoApp.API\POCDemoApp.API.csproj", "{3B50726E-2B70-402B-8300-DE1F48BF3C31}"
EndProject
Project("{9A19103F-16F7-4668-BE54-9A1E7A4F7556}") = "POCDemoApp.API.Tests", "POCDemoApp.API.Test\POCDemoApp.API.Tests.csproj", "{7D2EB43E-C6EF-4B95-821B-C319288B03D3}"
EndProject
Project("{9A19103F-16F7-4668-BE54-9A1E7A4F7556}") = "POCDemoApp.Core.Tests", "POCDemoApp.Core.Test\POCDemoApp.Core.Tests.csproj", "{3ED862E5-C923-4A12-B7DA-C93F3B945888}"
EndProject
Project("{9A19103F-16F7-4668-BE54-9A1E7A4F7556}") = "POCDemoApp.Infrastructure.DataAccess.Tests", "POCDemoApp.Infrastructure.DataAccess.Test\POCDemoApp.Infrastructure.DataAccess.Tests.csproj", "{49535657-91D7-408B-8D1C-D4C40CD4A1CE}"
EndProject
Project("{2150E333-8FDC-42A3-9474-1A3956D46DE8}") = "Infrastructure.Bus", "Infrastructure.Bus", "{177E287D-9C2C-4F13-B065-6755B573C489}"
EndProject
Project("{9A19103F-16F7-4668-BE54-9A1E7A4F7556}") = "POCDemoApp.Infrastructure.Bus", "POCDemoApp.Infrastructure.Bus\POCDemoApp.Infrastructure.Bus.csproj", "{0F3C45FE-32AE-4179-967B-E2A60BA9F6C7}"
EndProject
Project("{9A19103F-16F7-4668-BE54-9A1E7A4F7556}") = "POCDemoApp.Domain.Core", "POCDemoApp.Domain.Core\POCDemoApp.Domain.Core.csproj", "{1AC63493-6566-4E91-BDF1-200AB7E44858}"
EndProject
Project("{FAE04EC0-301F-11D3-BF4B-00C04F79EFBC}") = "POCDemoApp.Domain.Tests", "POCDemoApp.Domain.Tests\POCDemoApp.Domain.Tests.csproj", "{E059DB4A-8A32-4CA3-979E-BBA8D3FF8A50}"
EndProject
Project("{FAE04EC0-301F-11D3-BF4B-00C04F79EFBC}") = "POCDemoApp.Infrastructure.Bus.Tests", "POCDemoApp.Infrastructure.Bus.Tests\POCDemoApp.Infrastructure.Bus.Tests.csproj", "{42EC9026-83AF-4F9C-8C6D-4C2481A26C81}"
EndProject
Global
	GlobalSection(SolutionConfigurationPlatforms) = preSolution
		Debug|Any CPU = Debug|Any CPU
		Release|Any CPU = Release|Any CPU
	EndGlobalSection
	GlobalSection(ProjectConfigurationPlatforms) = postSolution
		{EE4BBF72-3B04-4AA2-B851-964C135233B8}.Debug|Any CPU.ActiveCfg = Debug|Any CPU
		{EE4BBF72-3B04-4AA2-B851-964C135233B8}.Debug|Any CPU.Build.0 = Debug|Any CPU
		{EE4BBF72-3B04-4AA2-B851-964C135233B8}.Release|Any CPU.ActiveCfg = Release|Any CPU
		{EE4BBF72-3B04-4AA2-B851-964C135233B8}.Release|Any CPU.Build.0 = Release|Any CPU
		{C52E9575-049C-4201-BECF-E9104343723A}.Debug|Any CPU.ActiveCfg = Debug|Any CPU
		{C52E9575-049C-4201-BECF-E9104343723A}.Debug|Any CPU.Build.0 = Debug|Any CPU
		{C52E9575-049C-4201-BECF-E9104343723A}.Release|Any CPU.ActiveCfg = Release|Any CPU
		{C52E9575-049C-4201-BECF-E9104343723A}.Release|Any CPU.Build.0 = Release|Any CPU
		{623B0AE7-E6C1-4505-A753-6E51C099860E}.Debug|Any CPU.ActiveCfg = Debug|Any CPU
		{623B0AE7-E6C1-4505-A753-6E51C099860E}.Debug|Any CPU.Build.0 = Debug|Any CPU
		{623B0AE7-E6C1-4505-A753-6E51C099860E}.Release|Any CPU.ActiveCfg = Release|Any CPU
		{623B0AE7-E6C1-4505-A753-6E51C099860E}.Release|Any CPU.Build.0 = Release|Any CPU
		{34523ED0-C851-42A6-9EC7-C4A69AADBEAD}.Debug|Any CPU.ActiveCfg = Debug|Any CPU
		{34523ED0-C851-42A6-9EC7-C4A69AADBEAD}.Debug|Any CPU.Build.0 = Debug|Any CPU
		{34523ED0-C851-42A6-9EC7-C4A69AADBEAD}.Release|Any CPU.ActiveCfg = Release|Any CPU
		{34523ED0-C851-42A6-9EC7-C4A69AADBEAD}.Release|Any CPU.Build.0 = Release|Any CPU
		{3B50726E-2B70-402B-8300-DE1F48BF3C31}.Debug|Any CPU.ActiveCfg = Debug|Any CPU
		{3B50726E-2B70-402B-8300-DE1F48BF3C31}.Debug|Any CPU.Build.0 = Debug|Any CPU
		{3B50726E-2B70-402B-8300-DE1F48BF3C31}.Release|Any CPU.ActiveCfg = Release|Any CPU
		{3B50726E-2B70-402B-8300-DE1F48BF3C31}.Release|Any CPU.Build.0 = Release|Any CPU
		{7D2EB43E-C6EF-4B95-821B-C319288B03D3}.Debug|Any CPU.ActiveCfg = Debug|Any CPU
		{7D2EB43E-C6EF-4B95-821B-C319288B03D3}.Debug|Any CPU.Build.0 = Debug|Any CPU
		{7D2EB43E-C6EF-4B95-821B-C319288B03D3}.Release|Any CPU.ActiveCfg = Release|Any CPU
		{7D2EB43E-C6EF-4B95-821B-C319288B03D3}.Release|Any CPU.Build.0 = Release|Any CPU
		{3ED862E5-C923-4A12-B7DA-C93F3B945888}.Debug|Any CPU.ActiveCfg = Debug|Any CPU
		{3ED862E5-C923-4A12-B7DA-C93F3B945888}.Debug|Any CPU.Build.0 = Debug|Any CPU
		{3ED862E5-C923-4A12-B7DA-C93F3B945888}.Release|Any CPU.ActiveCfg = Release|Any CPU
		{3ED862E5-C923-4A12-B7DA-C93F3B945888}.Release|Any CPU.Build.0 = Release|Any CPU
		{49535657-91D7-408B-8D1C-D4C40CD4A1CE}.Debug|Any CPU.ActiveCfg = Debug|Any CPU
		{49535657-91D7-408B-8D1C-D4C40CD4A1CE}.Debug|Any CPU.Build.0 = Debug|Any CPU
		{49535657-91D7-408B-8D1C-D4C40CD4A1CE}.Release|Any CPU.ActiveCfg = Release|Any CPU
		{49535657-91D7-408B-8D1C-D4C40CD4A1CE}.Release|Any CPU.Build.0 = Release|Any CPU
		{0F3C45FE-32AE-4179-967B-E2A60BA9F6C7}.Debug|Any CPU.ActiveCfg = Debug|Any CPU
		{0F3C45FE-32AE-4179-967B-E2A60BA9F6C7}.Debug|Any CPU.Build.0 = Debug|Any CPU
		{0F3C45FE-32AE-4179-967B-E2A60BA9F6C7}.Release|Any CPU.ActiveCfg = Release|Any CPU
		{0F3C45FE-32AE-4179-967B-E2A60BA9F6C7}.Release|Any CPU.Build.0 = Release|Any CPU
		{1AC63493-6566-4E91-BDF1-200AB7E44858}.Debug|Any CPU.ActiveCfg = Debug|Any CPU
		{1AC63493-6566-4E91-BDF1-200AB7E44858}.Debug|Any CPU.Build.0 = Debug|Any CPU
		{1AC63493-6566-4E91-BDF1-200AB7E44858}.Release|Any CPU.ActiveCfg = Release|Any CPU
		{1AC63493-6566-4E91-BDF1-200AB7E44858}.Release|Any CPU.Build.0 = Release|Any CPU
		{E059DB4A-8A32-4CA3-979E-BBA8D3FF8A50}.Debug|Any CPU.ActiveCfg = Debug|Any CPU
		{E059DB4A-8A32-4CA3-979E-BBA8D3FF8A50}.Debug|Any CPU.Build.0 = Debug|Any CPU
		{E059DB4A-8A32-4CA3-979E-BBA8D3FF8A50}.Release|Any CPU.ActiveCfg = Release|Any CPU
		{E059DB4A-8A32-4CA3-979E-BBA8D3FF8A50}.Release|Any CPU.Build.0 = Release|Any CPU
		{42EC9026-83AF-4F9C-8C6D-4C2481A26C81}.Debug|Any CPU.ActiveCfg = Debug|Any CPU
		{42EC9026-83AF-4F9C-8C6D-4C2481A26C81}.Debug|Any CPU.Build.0 = Debug|Any CPU
		{42EC9026-83AF-4F9C-8C6D-4C2481A26C81}.Release|Any CPU.ActiveCfg = Release|Any CPU
		{42EC9026-83AF-4F9C-8C6D-4C2481A26C81}.Release|Any CPU.Build.0 = Release|Any CPU
	EndGlobalSection
	GlobalSection(SolutionProperties) = preSolution
		HideSolutionNode = FALSE
	EndGlobalSection
	GlobalSection(NestedProjects) = preSolution
		{EE4BBF72-3B04-4AA2-B851-964C135233B8} = {96C5ABF3-658F-4BE4-85F5-3F4218E8DB05}
		{C52E9575-049C-4201-BECF-E9104343723A} = {96CDB9F1-291D-4C52-B050-97D80A2BC11C}
		{623B0AE7-E6C1-4505-A753-6E51C099860E} = {FB0AB652-BB74-4036-9AFB-D00A097F2C74}
		{34523ED0-C851-42A6-9EC7-C4A69AADBEAD} = {52C15553-85FC-41D1-8848-06E6ED7B967C}
		{3B50726E-2B70-402B-8300-DE1F48BF3C31} = {57645132-CC16-47D2-8F20-1EDFAABB7DE6}
		{7D2EB43E-C6EF-4B95-821B-C319288B03D3} = {57645132-CC16-47D2-8F20-1EDFAABB7DE6}
		{3ED862E5-C923-4A12-B7DA-C93F3B945888} = {96C5ABF3-658F-4BE4-85F5-3F4218E8DB05}
		{49535657-91D7-408B-8D1C-D4C40CD4A1CE} = {52C15553-85FC-41D1-8848-06E6ED7B967C}
		{0F3C45FE-32AE-4179-967B-E2A60BA9F6C7} = {177E287D-9C2C-4F13-B065-6755B573C489}
		{1AC63493-6566-4E91-BDF1-200AB7E44858} = {96CDB9F1-291D-4C52-B050-97D80A2BC11C}
		{E059DB4A-8A32-4CA3-979E-BBA8D3FF8A50} = {96CDB9F1-291D-4C52-B050-97D80A2BC11C}
		{42EC9026-83AF-4F9C-8C6D-4C2481A26C81} = {177E287D-9C2C-4F13-B065-6755B573C489}
	EndGlobalSection
	GlobalSection(ExtensibilityGlobals) = postSolution
		SolutionGuid = {4D2918CD-D396-4A58-9AE5-ECABCF365047}
	EndGlobalSection
EndGlobal
